<?xml version="1.0" encoding="utf-8"?>
<Project ToolsVersion="4.0" xmlns="http://schemas.microsoft.com/developer/msbuild/2003">
  <ItemGroup>
    <Filter Include="Singleton">
      <UniqueIdentifier>{cf643792-f9b0-4592-9cac-119ff0262776}</UniqueIdentifier>
    </Filter>
    <Filter Include="TweenManager">
      <UniqueIdentifier>{5e27c928-d497-40ef-b242-f85ebb5f0918}</UniqueIdentifier>
    </Filter>
    <Filter Include="Manager">
      <UniqueIdentifier>{a0b6ffe5-fcd5-498a-9519-9b96168b56bb}</UniqueIdentifier>
    </Filter>
    <Filter Include="InputManager">
      <UniqueIdentifier>{6a812ab4-ec6c-4625-b6cc-b8860211bb83}</UniqueIdentifier>
    </Filter>
  </ItemGroup>
  <ItemGroup>
    <ClInclude Include="$(MSBuildThisFileDirectory)Singleton.h">
      <Filter>Singleton</Filter>
    </ClInclude>
    <ClInclude Include="$(MSBuildThisFileDirectory)Ease.h">
      <Filter>TweenManager</Filter>
    </ClInclude>
    <ClInclude Include="$(MSBuildThisFileDirectory)ITween.h">
      <Filter>TweenManager</Filter>
    </ClInclude>
    <ClInclude Include="$(MSBuildThisFileDirectory)Tween.h">
      <Filter>TweenManager</Filter>
    </ClInclude>
    <ClInclude Include="$(MSBuildThisFileDirectory)TweenManager.h">
      <Filter>TweenManager</Filter>
    </ClInclude>
    <ClInclude Include="$(MSBuildThisFileDirectory)TweenUtils.h">
      <Filter>TweenManager</Filter>
    </ClInclude>
    <ClInclude Include="$(MSBuildThisFileDirectory)Manager.h">
      <Filter>Manager</Filter>
    </ClInclude>
    <ClInclude Include="$(MSBuildThisFileDirectory)InputManager.h">
      <Filter>InputManager</Filter>
    </ClInclude>
    <ClInclude Include="$(MSBuildThisFileDirectory)KeyFrame.h">
      <Filter>InputManager</Filter>
    </ClInclude>
    <ClInclude Include="$(MSBuildThisFileDirectory)KeyValues.h">
      <Filter>InputManager</Filter>
    </ClInclude>
    <ClInclude Include="$(MSBuildThisFileDirectory)Vector2.h">
      <Filter>InputManager</Filter>
    </ClInclude>
  </ItemGroup>
  <ItemGroup>
    <ClCompile Include="$(MSBuildThisFileDirectory)TweenManager.cpp">
      <Filter>TweenManager</Filter>
    </ClCompile>
    <ClCompile Include="$(MSBuildThisFileDirectory)InputManager.cpp">
      <Filter>InputManager</Filter>
    </ClCompile>
    <ClCompile Include="$(MSBuildThisFileDirectory)KeyFrame.cpp">
      <Filter>InputManager</Filter>
    </ClCompile>
  </ItemGroup>
</Project>